
Microsoft Visual Studio Solution File, Format Version 12.00
# Visual Studio Version 17
VisualStudioVersion = 17.10.35013.160
MinimumVisualStudioVersion = 10.0.40219.1
Project("{FAE04EC0-301F-11D3-BF4B-00C04F79EFBC}") = "BlazorECommerse.Server", "Server\BlazorECommerse.Server.csproj", "{7DDF8024-7222-403E-92DA-8E5D8DC73B49}"
EndProject
Project("{FAE04EC0-301F-11D3-BF4B-00C04F79EFBC}") = "BlazorECommerse.Client", "Client\BlazorECommerse.Client.csproj", "{63B87959-8A92-4C4B-9BCB-815AB07D3DF1}"
EndProject
Project("{FAE04EC0-301F-11D3-BF4B-00C04F79EFBC}") = "BlazorECommerse.Shared", "Shared\BlazorECommerse.Shared.csproj", "{390A72DE-6792-4595-BDD4-96DADFAD8A6D}"
EndProject
Global
	GlobalSection(SolutionConfigurationPlatforms) = preSolution
		Debug|Any CPU = Debug|Any CPU
		Release|Any CPU = Release|Any CPU
	EndGlobalSection
	GlobalSection(ProjectConfigurationPlatforms) = postSolution
		{7DDF8024-7222-403E-92DA-8E5D8DC73B49}.Debug|Any CPU.ActiveCfg = Debug|Any CPU
		{7DDF8024-7222-403E-92DA-8E5D8DC73B49}.Debug|Any CPU.Build.0 = Debug|Any CPU
		{7DDF8024-7222-403E-92DA-8E5D8DC73B49}.Release|Any CPU.ActiveCfg = Release|Any CPU
		{7DDF8024-7222-403E-92DA-8E5D8DC73B49}.Release|Any CPU.Build.0 = Release|Any CPU
		{63B87959-8A92-4C4B-9BCB-815AB07D3DF1}.Debug|Any CPU.ActiveCfg = Debug|Any CPU
		{63B87959-8A92-4C4B-9BCB-815AB07D3DF1}.Debug|Any CPU.Build.0 = Debug|Any CPU
		{63B87959-8A92-4C4B-9BCB-815AB07D3DF1}.Release|Any CPU.ActiveCfg = Release|Any CPU
		{63B87959-8A92-4C4B-9BCB-815AB07D3DF1}.Release|Any CPU.Build.0 = Release|Any CPU
		{390A72DE-6792-4595-BDD4-96DADFAD8A6D}.Debug|Any CPU.ActiveCfg = Debug|Any CPU
		{390A72DE-6792-4595-BDD4-96DADFAD8A6D}.Debug|Any CPU.Build.0 = Debug|Any CPU
		{390A72DE-6792-4595-BDD4-96DADFAD8A6D}.Release|Any CPU.ActiveCfg = Release|Any CPU
		{390A72DE-6792-4595-BDD4-96DADFAD8A6D}.Release|Any CPU.Build.0 = Release|Any CPU
	EndGlobalSection
	GlobalSection(SolutionProperties) = preSolution
		HideSolutionNode = FALSE
	EndGlobalSection
	GlobalSection(ExtensibilityGlobals) = postSolution
		SolutionGuid = {287E9979-7E07-4826-98BA-36CC4AFD4812}
	EndGlobalSection
EndGlobal
